{
  "name": "deckard",
  "version": "0.1.0",
  "lockfileVersion": 3,
  "requires": true,
  "packages": {
    "": {
      "name": "deckard",
      "version": "0.1.0",
      "dependencies": {
        "lattish": "../lattish/"
      },
      "devDependencies": {
        "lucide": "^0.469.0"
      }
    },
    "../lattish": {
      "version": "0.1.0",
      "license": "PIF",
      "devDependencies": {
        "@semantic-release/commit-analyzer": "^13.0.1",
        "@semantic-release/github": "^12.0.6",
        "@semantic-release/npm": "^13.1.5",
        "@semantic-release/release-notes-generator": "^14.1.0",
        "@tishlang/tish": "^1.0.21",
        "jsdom": "^25.0.0",
        "semantic-release": "^25.0.3"
      }
    },
    "../lattish/src": {
      "extraneous": true
    },
    "../lattish/src/Lattish.tish": {
      "extraneous": true
    },
    "node_modules/lattish": {
      "resolved": "../lattish",
      "link": true
    },
    "node_modules/lucide": {
      "version": "0.469.0",
      "resolved": "https://registry.npmjs.org/lucide/-/lucide-0.469.0.tgz",
      "integrity": "sha512-ZmMtOekJ6g1UFqTvV9aWbkk+u/QxpfDpgUrbNj8jJEK+CtBdHVQ4akCA0TcTyeOvnL8RWo271UzFTimBRT0gKw==",
      "dev": true,
      "license": "ISC"
    }
  }
}
